
Microsoft Visual Studio Solution File, Format Version 12.00
# Visual Studio 15
VisualStudioVersion = 15.0.28010.2046
MinimumVisualStudioVersion = 10.0.40219.1
Project("{8BC9CEB8-8B4A-11D0-8D11-00A0C91BC942}") = "bubbleSortOnly", "bubbleSortOnly\bubbleSortOnly.vcxproj", "{865893FD-AE96-40CE-BAE9-6AC9CAE07FFF}"
EndProject
Global
	GlobalSection(SolutionConfigurationPlatforms) = preSolution
		Debug|x64 = Debug|x64
		Debug|x86 = Debug|x86
		Release|x64 = Release|x64
		Release|x86 = Release|x86
	EndGlobalSection
	GlobalSection(ProjectConfigurationPlatforms) = postSolution
		{865893FD-AE96-40CE-BAE9-6AC9CAE07FFF}.Debug|x64.ActiveCfg = Debug|x64
		{865893FD-AE96-40CE-BAE9-6AC9CAE07FFF}.Debug|x64.Build.0 = Debug|x64
		{865893FD-AE96-40CE-BAE9-6AC9CAE07FFF}.Debug|x86.ActiveCfg = Debug|Win32
		{865893FD-AE96-40CE-BAE9-6AC9CAE07FFF}.Debug|x86.Build.0 = Debug|Win32
		{865893FD-AE96-40CE-BAE9-6AC9CAE07FFF}.Release|x64.ActiveCfg = Release|x64
		{865893FD-AE96-40CE-BAE9-6AC9CAE07FFF}.Release|x64.Build.0 = Release|x64
		{865893FD-AE96-40CE-BAE9-6AC9CAE07FFF}.Release|x86.ActiveCfg = Release|Win32
		{865893FD-AE96-40CE-BAE9-6AC9CAE07FFF}.Release|x86.Build.0 = Release|Win32
	EndGlobalSection
	GlobalSection(SolutionProperties) = preSolution
		HideSolutionNode = FALSE
	EndGlobalSection
	GlobalSection(ExtensibilityGlobals) = postSolution
		SolutionGuid = {186C9D0B-C1CA-4FE3-8A02-2CB25CE2E88C}
	EndGlobalSection
EndGlobal
